
Microsoft Visual Studio Solution File, Format Version 12.00
# Visual Studio 2012
Project("{FAE04EC0-301F-11D3-BF4B-00C04F79EFBC}") = "ImageServer", "ImageServer\ImageServer.csproj", "{7701FAC9-DE8C-42D9-B28F-3CDB278408D2}"
EndProject
Project("{FAE04EC0-301F-11D3-BF4B-00C04F79EFBC}") = "ImagesToDb", "ImagesToDb\ImagesToDb.csproj", "{E8F06041-9E7F-4E4F-BFE4-F879E961AD29}"
EndProject
Global
	GlobalSection(SolutionConfigurationPlatforms) = preSolution
		Debug|Any CPU = Debug|Any CPU
		Release|Any CPU = Release|Any CPU
	EndGlobalSection
	GlobalSection(ProjectConfigurationPlatforms) = postSolution
		{7701FAC9-DE8C-42D9-B28F-3CDB278408D2}.Debug|Any CPU.ActiveCfg = Debug|Any CPU
		{7701FAC9-DE8C-42D9-B28F-3CDB278408D2}.Debug|Any CPU.Build.0 = Debug|Any CPU
		{7701FAC9-DE8C-42D9-B28F-3CDB278408D2}.Release|Any CPU.ActiveCfg = Release|Any CPU
		{7701FAC9-DE8C-42D9-B28F-3CDB278408D2}.Release|Any CPU.Build.0 = Release|Any CPU
		{E8F06041-9E7F-4E4F-BFE4-F879E961AD29}.Debug|Any CPU.ActiveCfg = Debug|Any CPU
		{E8F06041-9E7F-4E4F-BFE4-F879E961AD29}.Debug|Any CPU.Build.0 = Debug|Any CPU
		{E8F06041-9E7F-4E4F-BFE4-F879E961AD29}.Release|Any CPU.ActiveCfg = Release|Any CPU
		{E8F06041-9E7F-4E4F-BFE4-F879E961AD29}.Release|Any CPU.Build.0 = Release|Any CPU
		{015FA2D9-9F8E-4614-9460-84D570AF051B}.Debug|Any CPU.ActiveCfg = Debug|Any CPU
		{015FA2D9-9F8E-4614-9460-84D570AF051B}.Debug|Any CPU.Build.0 = Debug|Any CPU
		{015FA2D9-9F8E-4614-9460-84D570AF051B}.Release|Any CPU.ActiveCfg = Release|Any CPU
		{015FA2D9-9F8E-4614-9460-84D570AF051B}.Release|Any CPU.Build.0 = Release|Any CPU
	EndGlobalSection
	GlobalSection(SolutionProperties) = preSolution
		HideSolutionNode = FALSE
	EndGlobalSection
EndGlobal
